
Microsoft Visual Studio Solution File, Format Version 10.00
# Visual Studio 2008
Project("{FAE04EC0-301F-11D3-BF4B-00C04F79EFBC}") = "BabBot", "BabBot\BabBot.csproj", "{BFD0AB5E-EF57-4EF8-9E0C-F16F4C53B5A0}"
EndProject
Global
	GlobalSection(SolutionConfigurationPlatforms) = preSolution
		Debug|Any CPU = Debug|Any CPU
		Release|Any CPU = Release|Any CPU
	EndGlobalSection
	GlobalSection(ProjectConfigurationPlatforms) = postSolution
		{BFD0AB5E-EF57-4EF8-9E0C-F16F4C53B5A0}.Debug|Any CPU.ActiveCfg = Debug|Any CPU
		{BFD0AB5E-EF57-4EF8-9E0C-F16F4C53B5A0}.Debug|Any CPU.Build.0 = Debug|Any CPU
		{BFD0AB5E-EF57-4EF8-9E0C-F16F4C53B5A0}.Release|Any CPU.ActiveCfg = Release|Any CPU
		{BFD0AB5E-EF57-4EF8-9E0C-F16F4C53B5A0}.Release|Any CPU.Build.0 = Release|Any CPU
	EndGlobalSection
	GlobalSection(SolutionProperties) = preSolution
		HideSolutionNode = FALSE
	EndGlobalSection
EndGlobal
