
Microsoft Visual Studio Solution File, Format Version 10.00
# Visual Studio 2008
Project("{FAE04EC0-301F-11D3-BF4B-00C04F79EFBC}") = "BabBot", "BabBot\BabBot.csproj", "{BFD0AB5E-EF57-4EF8-9E0C-F16F4C53B5A0}"
EndProject
Project("{8BC9CEB8-8B4A-11D0-8D11-00A0C91BC942}") = "fasmdll_managed", "..\fasmdll_managed\fasmdll_managed\fasmdll_managed.vcproj", "{61D8CF34-1FD7-4A01-BEC1-1A8E8050A9C6}"
EndProject
Project("{FAE04EC0-301F-11D3-BF4B-00C04F79EFBC}") = "Dante", "..\Dante\Dante.csproj", "{57ADA462-12C3-4788-BFE1-498A9F41C30C}"
EndProject
Global
	GlobalSection(SolutionConfigurationPlatforms) = preSolution
		Debug|Any CPU = Debug|Any CPU
		Debug|Mixed Platforms = Debug|Mixed Platforms
		Debug|Win32 = Debug|Win32
		Debug|x64 = Debug|x64
		Release|Any CPU = Release|Any CPU
		Release|Mixed Platforms = Release|Mixed Platforms
		Release|Win32 = Release|Win32
		Release|x64 = Release|x64
	EndGlobalSection
	GlobalSection(ProjectConfigurationPlatforms) = postSolution
		{BFD0AB5E-EF57-4EF8-9E0C-F16F4C53B5A0}.Debug|Any CPU.ActiveCfg = Debug|Any CPU
		{BFD0AB5E-EF57-4EF8-9E0C-F16F4C53B5A0}.Debug|Any CPU.Build.0 = Debug|Any CPU
		{BFD0AB5E-EF57-4EF8-9E0C-F16F4C53B5A0}.Debug|Mixed Platforms.ActiveCfg = Debug|Any CPU
		{BFD0AB5E-EF57-4EF8-9E0C-F16F4C53B5A0}.Debug|Mixed Platforms.Build.0 = Debug|Any CPU
		{BFD0AB5E-EF57-4EF8-9E0C-F16F4C53B5A0}.Debug|Win32.ActiveCfg = Debug|x64
		{BFD0AB5E-EF57-4EF8-9E0C-F16F4C53B5A0}.Debug|x64.ActiveCfg = Debug|x64
		{BFD0AB5E-EF57-4EF8-9E0C-F16F4C53B5A0}.Debug|x64.Build.0 = Debug|x64
		{BFD0AB5E-EF57-4EF8-9E0C-F16F4C53B5A0}.Release|Any CPU.ActiveCfg = Release|Any CPU
		{BFD0AB5E-EF57-4EF8-9E0C-F16F4C53B5A0}.Release|Any CPU.Build.0 = Release|Any CPU
		{BFD0AB5E-EF57-4EF8-9E0C-F16F4C53B5A0}.Release|Mixed Platforms.ActiveCfg = Release|Any CPU
		{BFD0AB5E-EF57-4EF8-9E0C-F16F4C53B5A0}.Release|Mixed Platforms.Build.0 = Release|Any CPU
		{BFD0AB5E-EF57-4EF8-9E0C-F16F4C53B5A0}.Release|Win32.ActiveCfg = Release|x64
		{BFD0AB5E-EF57-4EF8-9E0C-F16F4C53B5A0}.Release|x64.ActiveCfg = Release|x64
		{BFD0AB5E-EF57-4EF8-9E0C-F16F4C53B5A0}.Release|x64.Build.0 = Release|x64
		{61D8CF34-1FD7-4A01-BEC1-1A8E8050A9C6}.Debug|Any CPU.ActiveCfg = Debug|Win32
		{61D8CF34-1FD7-4A01-BEC1-1A8E8050A9C6}.Debug|Any CPU.Build.0 = Debug|Win32
		{61D8CF34-1FD7-4A01-BEC1-1A8E8050A9C6}.Debug|Mixed Platforms.ActiveCfg = Release|Win32
		{61D8CF34-1FD7-4A01-BEC1-1A8E8050A9C6}.Debug|Mixed Platforms.Build.0 = Release|Win32
		{61D8CF34-1FD7-4A01-BEC1-1A8E8050A9C6}.Debug|Win32.ActiveCfg = Debug|Win32
		{61D8CF34-1FD7-4A01-BEC1-1A8E8050A9C6}.Debug|Win32.Build.0 = Debug|Win32
		{61D8CF34-1FD7-4A01-BEC1-1A8E8050A9C6}.Debug|x64.ActiveCfg = Debug|Win32
		{61D8CF34-1FD7-4A01-BEC1-1A8E8050A9C6}.Debug|x64.Build.0 = Debug|Win32
		{61D8CF34-1FD7-4A01-BEC1-1A8E8050A9C6}.Release|Any CPU.ActiveCfg = Release|Win32
		{61D8CF34-1FD7-4A01-BEC1-1A8E8050A9C6}.Release|Mixed Platforms.ActiveCfg = Release|Win32
		{61D8CF34-1FD7-4A01-BEC1-1A8E8050A9C6}.Release|Mixed Platforms.Build.0 = Release|Win32
		{61D8CF34-1FD7-4A01-BEC1-1A8E8050A9C6}.Release|Win32.ActiveCfg = Release|Win32
		{61D8CF34-1FD7-4A01-BEC1-1A8E8050A9C6}.Release|Win32.Build.0 = Release|Win32
		{61D8CF34-1FD7-4A01-BEC1-1A8E8050A9C6}.Release|x64.ActiveCfg = Release|Win32
		{57ADA462-12C3-4788-BFE1-498A9F41C30C}.Debug|Any CPU.ActiveCfg = Debug|Any CPU
		{57ADA462-12C3-4788-BFE1-498A9F41C30C}.Debug|Any CPU.Build.0 = Debug|Any CPU
		{57ADA462-12C3-4788-BFE1-498A9F41C30C}.Debug|Mixed Platforms.ActiveCfg = Debug|Any CPU
		{57ADA462-12C3-4788-BFE1-498A9F41C30C}.Debug|Mixed Platforms.Build.0 = Debug|Any CPU
		{57ADA462-12C3-4788-BFE1-498A9F41C30C}.Debug|Win32.ActiveCfg = Debug|Any CPU
		{57ADA462-12C3-4788-BFE1-498A9F41C30C}.Debug|x64.ActiveCfg = Debug|Any CPU
		{57ADA462-12C3-4788-BFE1-498A9F41C30C}.Release|Any CPU.ActiveCfg = Release|Any CPU
		{57ADA462-12C3-4788-BFE1-498A9F41C30C}.Release|Any CPU.Build.0 = Release|Any CPU
		{57ADA462-12C3-4788-BFE1-498A9F41C30C}.Release|Mixed Platforms.ActiveCfg = Release|Any CPU
		{57ADA462-12C3-4788-BFE1-498A9F41C30C}.Release|Mixed Platforms.Build.0 = Release|Any CPU
		{57ADA462-12C3-4788-BFE1-498A9F41C30C}.Release|Win32.ActiveCfg = Release|Any CPU
		{57ADA462-12C3-4788-BFE1-498A9F41C30C}.Release|x64.ActiveCfg = Release|Any CPU
	EndGlobalSection
	GlobalSection(SolutionProperties) = preSolution
		HideSolutionNode = FALSE
	EndGlobalSection
EndGlobal
